{
  "version": 4,
  "terraform_version": "1.0.4",
  "serial": 8,
  "lineage": "dad8990b-bad5-2a51-dcb4-6bfefb52203a",
  "outputs": {},
  "resources": [
    {
      "module": "module.vpc",
      "mode": "managed",
      "type": "aws_subnet",
      "name": "private",
      "provider": "provider[\"registry.terraform.io/hashicorp/aws\"]",
      "instances": [
        {
          "index_key": "us-east-2a",
          "schema_version": 1,
          "attributes": {
            "arn": "arn:aws:ec2:us-east-1:305311160206:subnet/subnet-093347b76f34c1de0",
            "assign_ipv6_address_on_creation": false,
            "availability_zone": "us-east-1f",
            "availability_zone_id": "use1-az5",
            "cidr_block": "200.0.64.0/20",
            "customer_owned_ipv4_pool": "",
            "id": "subnet-093347b76f34c1de0",
            "ipv6_cidr_block": "",
            "ipv6_cidr_block_association_id": "",
            "map_customer_owned_ip_on_launch": false,
            "map_public_ip_on_launch": false,
            "outpost_arn": "",
            "owner_id": "305311160206",
            "tags": {
              "Environment": "prod",
              "ManagedBy": "terraform",
              "Name": "pavan-prod-private-subnet",
              "Project": "pavan-adv",
              "Role": "private",
              "Subnet": "us-east-2a-4"
            },
            "tags_all": {
              "Environment": "prod",
              "ManagedBy": "terraform",
              "Name": "pavan-prod-private-subnet",
              "Project": "pavan-adv",
              "Role": "private",
              "Subnet": "us-east-2a-4"
            },
            "timeouts": null,
            "vpc_id": "vpc-08e6a44223c0b6fd8"
          },
          "sensitive_attributes": [],
          "private": "eyJlMmJmYjczMC1lY2FhLTExZTYtOGY4OC0zNDM2M2JjN2M0YzAiOnsiY3JlYXRlIjo2MDAwMDAwMDAwMDAsImRlbGV0ZSI6MTIwMDAwMDAwMDAwMH0sInNjaGVtYV92ZXJzaW9uIjoiMSJ9",
          "dependencies": [
            "module.vpc.aws_vpc.vpc"
          ]
        },
        {
          "index_key": "us-east-2b",
          "schema_version": 1,
          "attributes": {
            "arn": "arn:aws:ec2:us-east-1:305311160206:subnet/subnet-01cd419e2aa4152c4",
            "assign_ipv6_address_on_creation": false,
            "availability_zone": "us-east-1a",
            "availability_zone_id": "use1-az6",
            "cidr_block": "200.0.80.0/20",
            "customer_owned_ipv4_pool": "",
            "id": "subnet-01cd419e2aa4152c4",
            "ipv6_cidr_block": "",
            "ipv6_cidr_block_association_id": "",
            "map_customer_owned_ip_on_launch": false,
            "map_public_ip_on_launch": false,
            "outpost_arn": "",
            "owner_id": "305311160206",
            "tags": {
              "Environment": "prod",
              "ManagedBy": "terraform",
              "Name": "pavan-prod-private-subnet",
              "Project": "pavan-adv",
              "Role": "private",
              "Subnet": "us-east-2b-5"
            },
            "tags_all": {
              "Environment": "prod",
              "ManagedBy": "terraform",
              "Name": "pavan-prod-private-subnet",
              "Project": "pavan-adv",
              "Role": "private",
              "Subnet": "us-east-2b-5"
            },
            "timeouts": null,
            "vpc_id": "vpc-08e6a44223c0b6fd8"
          },
          "sensitive_attributes": [],
          "private": "eyJlMmJmYjczMC1lY2FhLTExZTYtOGY4OC0zNDM2M2JjN2M0YzAiOnsiY3JlYXRlIjo2MDAwMDAwMDAwMDAsImRlbGV0ZSI6MTIwMDAwMDAwMDAwMH0sInNjaGVtYV92ZXJzaW9uIjoiMSJ9",
          "dependencies": [
            "module.vpc.aws_vpc.vpc"
          ]
        },
        {
          "index_key": "us-east-2c",
          "schema_version": 1,
          "attributes": {
            "arn": "arn:aws:ec2:us-east-1:305311160206:subnet/subnet-07e86e30f10950acf",
            "assign_ipv6_address_on_creation": false,
            "availability_zone": "us-east-1a",
            "availability_zone_id": "use1-az6",
            "cidr_block": "200.0.96.0/20",
            "customer_owned_ipv4_pool": "",
            "id": "subnet-07e86e30f10950acf",
            "ipv6_cidr_block": "",
            "ipv6_cidr_block_association_id": "",
            "map_customer_owned_ip_on_launch": false,
            "map_public_ip_on_launch": false,
            "outpost_arn": "",
            "owner_id": "305311160206",
            "tags": {
              "Environment": "prod",
              "ManagedBy": "terraform",
              "Name": "pavan-prod-private-subnet",
              "Project": "pavan-adv",
              "Role": "private",
              "Subnet": "us-east-2c-6"
            },
            "tags_all": {
              "Environment": "prod",
              "ManagedBy": "terraform",
              "Name": "pavan-prod-private-subnet",
              "Project": "pavan-adv",
              "Role": "private",
              "Subnet": "us-east-2c-6"
            },
            "timeouts": null,
            "vpc_id": "vpc-08e6a44223c0b6fd8"
          },
          "sensitive_attributes": [],
          "private": "eyJlMmJmYjczMC1lY2FhLTExZTYtOGY4OC0zNDM2M2JjN2M0YzAiOnsiY3JlYXRlIjo2MDAwMDAwMDAwMDAsImRlbGV0ZSI6MTIwMDAwMDAwMDAwMH0sInNjaGVtYV92ZXJzaW9uIjoiMSJ9",
          "dependencies": [
            "module.vpc.aws_vpc.vpc"
          ]
        }
      ]
    },
    {
      "module": "module.vpc",
      "mode": "managed",
      "type": "aws_subnet",
      "name": "public",
      "provider": "provider[\"registry.terraform.io/hashicorp/aws\"]",
      "instances": [
        {
          "index_key": "us-east-2a",
          "schema_version": 1,
          "attributes": {
            "arn": "arn:aws:ec2:us-east-1:305311160206:subnet/subnet-0b8c478f8270672a5",
            "assign_ipv6_address_on_creation": false,
            "availability_zone": "us-east-1b",
            "availability_zone_id": "use1-az1",
            "cidr_block": "200.0.16.0/20",
            "customer_owned_ipv4_pool": "",
            "id": "subnet-0b8c478f8270672a5",
            "ipv6_cidr_block": "",
            "ipv6_cidr_block_association_id": "",
            "map_customer_owned_ip_on_launch": false,
            "map_public_ip_on_launch": false,
            "outpost_arn": "",
            "owner_id": "305311160206",
            "tags": {
              "Environment": "prod",
              "ManagedBy": "terraform",
              "Name": "prod-public-subnet",
              "Project": "adv",
              "Role": "public",
              "Subnet": "us-east-2a-1"
            },
            "tags_all": {
              "Environment": "prod",
              "ManagedBy": "terraform",
              "Name": "prod-public-subnet",
              "Project": "adv",
              "Role": "public",
              "Subnet": "us-east-2a-1"
            },
            "timeouts": null,
            "vpc_id": "vpc-08e6a44223c0b6fd8"
          },
          "sensitive_attributes": [],
          "private": "eyJlMmJmYjczMC1lY2FhLTExZTYtOGY4OC0zNDM2M2JjN2M0YzAiOnsiY3JlYXRlIjo2MDAwMDAwMDAwMDAsImRlbGV0ZSI6MTIwMDAwMDAwMDAwMH0sInNjaGVtYV92ZXJzaW9uIjoiMSJ9",
          "dependencies": [
            "module.vpc.aws_vpc.vpc"
          ]
        },
        {
          "index_key": "us-east-2b",
          "schema_version": 1,
          "attributes": {
            "arn": "arn:aws:ec2:us-east-1:305311160206:subnet/subnet-08c8c6d7ee8b87e47",
            "assign_ipv6_address_on_creation": false,
            "availability_zone": "us-east-1a",
            "availability_zone_id": "use1-az6",
            "cidr_block": "200.0.32.0/20",
            "customer_owned_ipv4_pool": "",
            "id": "subnet-08c8c6d7ee8b87e47",
            "ipv6_cidr_block": "",
            "ipv6_cidr_block_association_id": "",
            "map_customer_owned_ip_on_launch": false,
            "map_public_ip_on_launch": false,
            "outpost_arn": "",
            "owner_id": "305311160206",
            "tags": {
              "Environment": "prod",
              "ManagedBy": "terraform",
              "Name": "prod-public-subnet",
              "Project": "adv",
              "Role": "public",
              "Subnet": "us-east-2b-2"
            },
            "tags_all": {
              "Environment": "prod",
              "ManagedBy": "terraform",
              "Name": "prod-public-subnet",
              "Project": "adv",
              "Role": "public",
              "Subnet": "us-east-2b-2"
            },
            "timeouts": null,
            "vpc_id": "vpc-08e6a44223c0b6fd8"
          },
          "sensitive_attributes": [],
          "private": "eyJlMmJmYjczMC1lY2FhLTExZTYtOGY4OC0zNDM2M2JjN2M0YzAiOnsiY3JlYXRlIjo2MDAwMDAwMDAwMDAsImRlbGV0ZSI6MTIwMDAwMDAwMDAwMH0sInNjaGVtYV92ZXJzaW9uIjoiMSJ9",
          "dependencies": [
            "module.vpc.aws_vpc.vpc"
          ]
        },
        {
          "index_key": "us-east-2c",
          "schema_version": 1,
          "attributes": {
            "arn": "arn:aws:ec2:us-east-1:305311160206:subnet/subnet-0ecad7b26490b264d",
            "assign_ipv6_address_on_creation": false,
            "availability_zone": "us-east-1d",
            "availability_zone_id": "use1-az4",
            "cidr_block": "200.0.48.0/20",
            "customer_owned_ipv4_pool": "",
            "id": "subnet-0ecad7b26490b264d",
            "ipv6_cidr_block": "",
            "ipv6_cidr_block_association_id": "",
            "map_customer_owned_ip_on_launch": false,
            "map_public_ip_on_launch": false,
            "outpost_arn": "",
            "owner_id": "305311160206",
            "tags": {
              "Environment": "prod",
              "ManagedBy": "terraform",
              "Name": "prod-public-subnet",
              "Project": "adv",
              "Role": "public",
              "Subnet": "us-east-2c-3"
            },
            "tags_all": {
              "Environment": "prod",
              "ManagedBy": "terraform",
              "Name": "prod-public-subnet",
              "Project": "adv",
              "Role": "public",
              "Subnet": "us-east-2c-3"
            },
            "timeouts": null,
            "vpc_id": "vpc-08e6a44223c0b6fd8"
          },
          "sensitive_attributes": [],
          "private": "eyJlMmJmYjczMC1lY2FhLTExZTYtOGY4OC0zNDM2M2JjN2M0YzAiOnsiY3JlYXRlIjo2MDAwMDAwMDAwMDAsImRlbGV0ZSI6MTIwMDAwMDAwMDAwMH0sInNjaGVtYV92ZXJzaW9uIjoiMSJ9",
          "dependencies": [
            "module.vpc.aws_vpc.vpc"
          ]
        }
      ]
    },
    {
      "module": "module.vpc",
      "mode": "managed",
      "type": "aws_vpc",
      "name": "vpc",
      "provider": "provider[\"registry.terraform.io/hashicorp/aws\"]",
      "instances": [
        {
          "schema_version": 1,
          "attributes": {
            "arn": "arn:aws:ec2:us-east-1:305311160206:vpc/vpc-08e6a44223c0b6fd8",
            "assign_generated_ipv6_cidr_block": false,
            "cidr_block": "200.0.0.0/16",
            "default_network_acl_id": "acl-0f327fbd7b1d125be",
            "default_route_table_id": "rtb-00b4e66c001998778",
            "default_security_group_id": "sg-01fe4cdcc17680753",
            "dhcp_options_id": "dopt-075f147d",
            "enable_classiclink": false,
            "enable_classiclink_dns_support": false,
            "enable_dns_hostnames": false,
            "enable_dns_support": true,
            "id": "vpc-08e6a44223c0b6fd8",
            "instance_tenancy": "default",
            "ipv6_association_id": "",
            "ipv6_cidr_block": "",
            "main_route_table_id": "rtb-00b4e66c001998778",
            "owner_id": "305311160206",
            "tags": {
              "ManagedBy": "terraform",
              "Name": "prod-vpc",
              "Project": "adv",
              "environment": "prod"
            },
            "tags_all": {
              "ManagedBy": "terraform",
              "Name": "prod-vpc",
              "Project": "adv",
              "environment": "prod"
            }
          },
          "sensitive_attributes": [],
          "private": "eyJzY2hlbWFfdmVyc2lvbiI6IjEifQ=="
        }
      ]
    }
  ]
}
