{
  "version": 4,
  "terraform_version": "1.0.4",
  "serial": 19,
  "lineage": "a9a95f0a-82d4-9c4e-ae6d-bebbaaf4ff52",
  "outputs": {},
  "resources": [
    {
      "mode": "managed",
      "type": "aws_subnet",
      "name": "first-subnet1",
      "provider": "provider[\"registry.terraform.io/hashicorp/aws\"]",
      "instances": [
        {
          "schema_version": 1,
          "attributes": {
            "arn": "arn:aws:ec2:us-east-2:305311160206:subnet/subnet-07045d9b22c327e16",
            "assign_ipv6_address_on_creation": false,
            "availability_zone": "us-east-2a",
            "availability_zone_id": "use2-az1",
            "cidr_block": "10.1.0.0/28",
            "customer_owned_ipv4_pool": "",
            "id": "subnet-07045d9b22c327e16",
            "ipv6_cidr_block": "",
            "ipv6_cidr_block_association_id": "",
            "map_customer_owned_ip_on_launch": false,
            "map_public_ip_on_launch": false,
            "outpost_arn": "",
            "owner_id": "305311160206",
            "tags": {
              "Name": "first-subnet1"
            },
            "tags_all": {
              "Name": "first-subnet1"
            },
            "timeouts": null,
            "vpc_id": "vpc-0090a80e7b40a728c"
          },
          "sensitive_attributes": [],
          "private": "eyJlMmJmYjczMC1lY2FhLTExZTYtOGY4OC0zNDM2M2JjN2M0YzAiOnsiY3JlYXRlIjo2MDAwMDAwMDAwMDAsImRlbGV0ZSI6MTIwMDAwMDAwMDAwMH0sInNjaGVtYV92ZXJzaW9uIjoiMSJ9",
          "dependencies": [
            "aws_vpc.first-vpc"
          ]
        }
      ]
    },
    {
      "mode": "managed",
      "type": "aws_subnet",
      "name": "first-subnet2",
      "provider": "provider[\"registry.terraform.io/hashicorp/aws\"]",
      "instances": [
        {
          "schema_version": 1,
          "attributes": {
            "arn": "arn:aws:ec2:us-east-2:305311160206:subnet/subnet-0ae9fc3ac26289e9c",
            "assign_ipv6_address_on_creation": false,
            "availability_zone": "us-east-2c",
            "availability_zone_id": "use2-az3",
            "cidr_block": "10.1.0.16/28",
            "customer_owned_ipv4_pool": "",
            "id": "subnet-0ae9fc3ac26289e9c",
            "ipv6_cidr_block": "",
            "ipv6_cidr_block_association_id": "",
            "map_customer_owned_ip_on_launch": false,
            "map_public_ip_on_launch": false,
            "outpost_arn": "",
            "owner_id": "305311160206",
            "tags": {
              "Name": "first-subnet2"
            },
            "tags_all": {
              "Name": "first-subnet2"
            },
            "timeouts": null,
            "vpc_id": "vpc-0090a80e7b40a728c"
          },
          "sensitive_attributes": [],
          "private": "eyJlMmJmYjczMC1lY2FhLTExZTYtOGY4OC0zNDM2M2JjN2M0YzAiOnsiY3JlYXRlIjo2MDAwMDAwMDAwMDAsImRlbGV0ZSI6MTIwMDAwMDAwMDAwMH0sInNjaGVtYV92ZXJzaW9uIjoiMSJ9",
          "dependencies": [
            "aws_vpc.first-vpc"
          ]
        }
      ]
    },
    {
      "mode": "managed",
      "type": "aws_vpc",
      "name": "first-vpc",
      "provider": "provider[\"registry.terraform.io/hashicorp/aws\"]",
      "instances": [
        {
          "schema_version": 1,
          "attributes": {
            "arn": "arn:aws:ec2:us-east-2:305311160206:vpc/vpc-0090a80e7b40a728c",
            "assign_generated_ipv6_cidr_block": false,
            "cidr_block": "10.1.0.0/26",
            "default_network_acl_id": "acl-0083f6f9d3083f282",
            "default_route_table_id": "rtb-07b8e6f552459ad8b",
            "default_security_group_id": "sg-0acabcbd119897e0b",
            "dhcp_options_id": "dopt-c5d74cae",
            "enable_classiclink": null,
            "enable_classiclink_dns_support": null,
            "enable_dns_hostnames": false,
            "enable_dns_support": true,
            "id": "vpc-0090a80e7b40a728c",
            "instance_tenancy": "default",
            "ipv6_association_id": "",
            "ipv6_cidr_block": "",
            "main_route_table_id": "rtb-07b8e6f552459ad8b",
            "owner_id": "305311160206",
            "tags": {
              "Name": "first-vpc"
            },
            "tags_all": {
              "Name": "first-vpc"
            }
          },
          "sensitive_attributes": [],
          "private": "eyJzY2hlbWFfdmVyc2lvbiI6IjEifQ=="
        }
      ]
    }
  ]
}
