{
  "version": 4,
  "terraform_version": "1.0.4",
  "serial": 122,
  "lineage": "de39a337-70ff-44dd-8d7f-fb06fd903f87",
  "outputs": {},
  "resources": [
    {
      "module": "module.vpc",
      "mode": "managed",
      "type": "aws_subnet",
      "name": "private",
      "provider": "provider[\"registry.terraform.io/hashicorp/aws\"]",
      "instances": [
        {
          "index_key": "us-east-2a",
          "schema_version": 1,
          "attributes": {
            "arn": "arn:aws:ec2:us-east-2:305311160206:subnet/subnet-04bf44a6782bd898f",
            "assign_ipv6_address_on_creation": false,
            "availability_zone": "us-east-2b",
            "availability_zone_id": "use2-az2",
            "cidr_block": "100.0.64.0/20",
            "customer_owned_ipv4_pool": "",
            "id": "subnet-04bf44a6782bd898f",
            "ipv6_cidr_block": "",
            "ipv6_cidr_block_association_id": "",
            "map_customer_owned_ip_on_launch": false,
            "map_public_ip_on_launch": false,
            "outpost_arn": "",
            "owner_id": "305311160206",
            "tags": {
              "Environment": "dev",
              "ManagedBy": "terraform",
              "Name": "pavan-dev-private-subnet",
              "Project": "pavan-adv",
              "Role": "private",
              "Subnet": "us-east-2a-4"
            },
            "tags_all": {
              "Environment": "dev",
              "ManagedBy": "terraform",
              "Name": "pavan-dev-private-subnet",
              "Project": "pavan-adv",
              "Role": "private",
              "Subnet": "us-east-2a-4"
            },
            "timeouts": null,
            "vpc_id": "vpc-0d0df27deb08ef78e"
          },
          "sensitive_attributes": [],
          "private": "eyJlMmJmYjczMC1lY2FhLTExZTYtOGY4OC0zNDM2M2JjN2M0YzAiOnsiY3JlYXRlIjo2MDAwMDAwMDAwMDAsImRlbGV0ZSI6MTIwMDAwMDAwMDAwMH0sInNjaGVtYV92ZXJzaW9uIjoiMSJ9",
          "dependencies": [
            "module.vpc.aws_vpc.vpc"
          ]
        },
        {
          "index_key": "us-east-2b",
          "schema_version": 1,
          "attributes": {
            "arn": "arn:aws:ec2:us-east-2:305311160206:subnet/subnet-0094abe3e82c16d2b",
            "assign_ipv6_address_on_creation": false,
            "availability_zone": "us-east-2b",
            "availability_zone_id": "use2-az2",
            "cidr_block": "100.0.80.0/20",
            "customer_owned_ipv4_pool": "",
            "id": "subnet-0094abe3e82c16d2b",
            "ipv6_cidr_block": "",
            "ipv6_cidr_block_association_id": "",
            "map_customer_owned_ip_on_launch": false,
            "map_public_ip_on_launch": false,
            "outpost_arn": "",
            "owner_id": "305311160206",
            "tags": {
              "Environment": "dev",
              "ManagedBy": "terraform",
              "Name": "pavan-dev-private-subnet",
              "Project": "pavan-adv",
              "Role": "private",
              "Subnet": "us-east-2b-5"
            },
            "tags_all": {
              "Environment": "dev",
              "ManagedBy": "terraform",
              "Name": "pavan-dev-private-subnet",
              "Project": "pavan-adv",
              "Role": "private",
              "Subnet": "us-east-2b-5"
            },
            "timeouts": null,
            "vpc_id": "vpc-0d0df27deb08ef78e"
          },
          "sensitive_attributes": [],
          "private": "eyJlMmJmYjczMC1lY2FhLTExZTYtOGY4OC0zNDM2M2JjN2M0YzAiOnsiY3JlYXRlIjo2MDAwMDAwMDAwMDAsImRlbGV0ZSI6MTIwMDAwMDAwMDAwMH0sInNjaGVtYV92ZXJzaW9uIjoiMSJ9",
          "dependencies": [
            "module.vpc.aws_vpc.vpc"
          ]
        },
        {
          "index_key": "us-east-2c",
          "schema_version": 1,
          "attributes": {
            "arn": "arn:aws:ec2:us-east-2:305311160206:subnet/subnet-0fd5fbca4735c28d0",
            "assign_ipv6_address_on_creation": false,
            "availability_zone": "us-east-2a",
            "availability_zone_id": "use2-az1",
            "cidr_block": "100.0.96.0/20",
            "customer_owned_ipv4_pool": "",
            "id": "subnet-0fd5fbca4735c28d0",
            "ipv6_cidr_block": "",
            "ipv6_cidr_block_association_id": "",
            "map_customer_owned_ip_on_launch": false,
            "map_public_ip_on_launch": false,
            "outpost_arn": "",
            "owner_id": "305311160206",
            "tags": {
              "Environment": "dev",
              "ManagedBy": "terraform",
              "Name": "pavan-dev-private-subnet",
              "Project": "pavan-adv",
              "Role": "private",
              "Subnet": "us-east-2c-6"
            },
            "tags_all": {
              "Environment": "dev",
              "ManagedBy": "terraform",
              "Name": "pavan-dev-private-subnet",
              "Project": "pavan-adv",
              "Role": "private",
              "Subnet": "us-east-2c-6"
            },
            "timeouts": null,
            "vpc_id": "vpc-0d0df27deb08ef78e"
          },
          "sensitive_attributes": [],
          "private": "eyJlMmJmYjczMC1lY2FhLTExZTYtOGY4OC0zNDM2M2JjN2M0YzAiOnsiY3JlYXRlIjo2MDAwMDAwMDAwMDAsImRlbGV0ZSI6MTIwMDAwMDAwMDAwMH0sInNjaGVtYV92ZXJzaW9uIjoiMSJ9",
          "dependencies": [
            "module.vpc.aws_vpc.vpc"
          ]
        }
      ]
    },
    {
      "module": "module.vpc",
      "mode": "managed",
      "type": "aws_subnet",
      "name": "public",
      "provider": "provider[\"registry.terraform.io/hashicorp/aws\"]",
      "instances": [
        {
          "index_key": "us-east-2a",
          "schema_version": 1,
          "attributes": {
            "arn": "arn:aws:ec2:us-east-2:305311160206:subnet/subnet-0786d82e12bea6ecf",
            "assign_ipv6_address_on_creation": false,
            "availability_zone": "us-east-2a",
            "availability_zone_id": "use2-az1",
            "cidr_block": "100.0.16.0/20",
            "customer_owned_ipv4_pool": "",
            "id": "subnet-0786d82e12bea6ecf",
            "ipv6_cidr_block": "",
            "ipv6_cidr_block_association_id": "",
            "map_customer_owned_ip_on_launch": false,
            "map_public_ip_on_launch": false,
            "outpost_arn": "",
            "owner_id": "305311160206",
            "tags": {
              "Environment": "dev",
              "ManagedBy": "terraform",
              "Name": "pavan-dev-public-subnet",
              "Project": "pavan-adv",
              "Role": "public",
              "Subnet": "us-east-2a-1"
            },
            "tags_all": {
              "Environment": "dev",
              "ManagedBy": "terraform",
              "Name": "pavan-dev-public-subnet",
              "Project": "pavan-adv",
              "Role": "public",
              "Subnet": "us-east-2a-1"
            },
            "timeouts": null,
            "vpc_id": "vpc-0d0df27deb08ef78e"
          },
          "sensitive_attributes": [],
          "private": "eyJlMmJmYjczMC1lY2FhLTExZTYtOGY4OC0zNDM2M2JjN2M0YzAiOnsiY3JlYXRlIjo2MDAwMDAwMDAwMDAsImRlbGV0ZSI6MTIwMDAwMDAwMDAwMH0sInNjaGVtYV92ZXJzaW9uIjoiMSJ9",
          "dependencies": [
            "module.vpc.aws_vpc.vpc"
          ]
        },
        {
          "index_key": "us-east-2b",
          "schema_version": 1,
          "attributes": {
            "arn": "arn:aws:ec2:us-east-2:305311160206:subnet/subnet-0408cf464de6c91db",
            "assign_ipv6_address_on_creation": false,
            "availability_zone": "us-east-2b",
            "availability_zone_id": "use2-az2",
            "cidr_block": "100.0.32.0/20",
            "customer_owned_ipv4_pool": "",
            "id": "subnet-0408cf464de6c91db",
            "ipv6_cidr_block": "",
            "ipv6_cidr_block_association_id": "",
            "map_customer_owned_ip_on_launch": false,
            "map_public_ip_on_launch": false,
            "outpost_arn": "",
            "owner_id": "305311160206",
            "tags": {
              "Environment": "dev",
              "ManagedBy": "terraform",
              "Name": "pavan-dev-public-subnet",
              "Project": "pavan-adv",
              "Role": "public",
              "Subnet": "us-east-2b-2"
            },
            "tags_all": {
              "Environment": "dev",
              "ManagedBy": "terraform",
              "Name": "pavan-dev-public-subnet",
              "Project": "pavan-adv",
              "Role": "public",
              "Subnet": "us-east-2b-2"
            },
            "timeouts": null,
            "vpc_id": "vpc-0d0df27deb08ef78e"
          },
          "sensitive_attributes": [],
          "private": "eyJlMmJmYjczMC1lY2FhLTExZTYtOGY4OC0zNDM2M2JjN2M0YzAiOnsiY3JlYXRlIjo2MDAwMDAwMDAwMDAsImRlbGV0ZSI6MTIwMDAwMDAwMDAwMH0sInNjaGVtYV92ZXJzaW9uIjoiMSJ9",
          "dependencies": [
            "module.vpc.aws_vpc.vpc"
          ]
        },
        {
          "index_key": "us-east-2c",
          "schema_version": 1,
          "attributes": {
            "arn": "arn:aws:ec2:us-east-2:305311160206:subnet/subnet-03c792b59563dd547",
            "assign_ipv6_address_on_creation": false,
            "availability_zone": "us-east-2a",
            "availability_zone_id": "use2-az1",
            "cidr_block": "100.0.48.0/20",
            "customer_owned_ipv4_pool": "",
            "id": "subnet-03c792b59563dd547",
            "ipv6_cidr_block": "",
            "ipv6_cidr_block_association_id": "",
            "map_customer_owned_ip_on_launch": false,
            "map_public_ip_on_launch": false,
            "outpost_arn": "",
            "owner_id": "305311160206",
            "tags": {
              "Environment": "dev",
              "ManagedBy": "terraform",
              "Name": "pavan-dev-public-subnet",
              "Project": "pavan-adv",
              "Role": "public",
              "Subnet": "us-east-2c-3"
            },
            "tags_all": {
              "Environment": "dev",
              "ManagedBy": "terraform",
              "Name": "pavan-dev-public-subnet",
              "Project": "pavan-adv",
              "Role": "public",
              "Subnet": "us-east-2c-3"
            },
            "timeouts": null,
            "vpc_id": "vpc-0d0df27deb08ef78e"
          },
          "sensitive_attributes": [],
          "private": "eyJlMmJmYjczMC1lY2FhLTExZTYtOGY4OC0zNDM2M2JjN2M0YzAiOnsiY3JlYXRlIjo2MDAwMDAwMDAwMDAsImRlbGV0ZSI6MTIwMDAwMDAwMDAwMH0sInNjaGVtYV92ZXJzaW9uIjoiMSJ9",
          "dependencies": [
            "module.vpc.aws_vpc.vpc"
          ]
        }
      ]
    },
    {
      "module": "module.vpc",
      "mode": "managed",
      "type": "aws_vpc",
      "name": "vpc",
      "provider": "provider[\"registry.terraform.io/hashicorp/aws\"]",
      "instances": [
        {
          "schema_version": 1,
          "attributes": {
            "arn": "arn:aws:ec2:us-east-2:305311160206:vpc/vpc-0d0df27deb08ef78e",
            "assign_generated_ipv6_cidr_block": false,
            "cidr_block": "100.0.0.0/16",
            "default_network_acl_id": "acl-080ce3ebff4b7a544",
            "default_route_table_id": "rtb-0bb1bb8e7d16415c5",
            "default_security_group_id": "sg-0ec4af284a0c2ba89",
            "dhcp_options_id": "dopt-c5d74cae",
            "enable_classiclink": null,
            "enable_classiclink_dns_support": null,
            "enable_dns_hostnames": false,
            "enable_dns_support": true,
            "id": "vpc-0d0df27deb08ef78e",
            "instance_tenancy": "default",
            "ipv6_association_id": "",
            "ipv6_cidr_block": "",
            "main_route_table_id": "rtb-0bb1bb8e7d16415c5",
            "owner_id": "305311160206",
            "tags": {
              "ManagedBy": "terraform",
              "Name": "pavan-dev-vpc",
              "Project": "pavan-adv",
              "environment": "dev"
            },
            "tags_all": {
              "ManagedBy": "terraform",
              "Name": "pavan-dev-vpc",
              "Project": "pavan-adv",
              "environment": "dev"
            }
          },
          "sensitive_attributes": [],
          "private": "eyJzY2hlbWFfdmVyc2lvbiI6IjEifQ=="
        }
      ]
    }
  ]
}
